# This file is automatically @generated by Poetry 1.5.0 and should not be changed by hand.

[[package]]
name = "dnslib"
version = "0.9.23"
description = "Simple library to encode/decode DNS wire-format packets"
optional = false
python-versions = "*"
files = [
    {file = "dnslib-0.9.23-py2-none-any.whl", hash = "sha256:9eb851ac721eea51834d43795478ac9b48272c61ba97cc4a160668b50aff39ec"},
    {file = "dnslib-0.9.23-py3-none-any.whl", hash = "sha256:46137e8ef6ef52b24a16d47e0786a99dd103ab1e71eea616f21371accbccc557"},
    {file = "dnslib-0.9.23.tar.gz", hash = "sha256:310196d3e38ce2051b61eebbd2f1d08fcc934fa3360f22031864d16efe8bca77"},
]

[metadata]
lock-version = "2.0"
python-versions = "^3.10"
content-hash = "09426630ab7f375fa2443377030378013f3b3025d2aacf052495fcaf07433514"
